
Microsoft Visual Studio Solution File, Format Version 12.00
# Visual Studio Version 17
VisualStudioVersion = 17.5.33414.496
MinimumVisualStudioVersion = 10.0.40219.1
Project("{FAE04EC0-301F-11D3-BF4B-00C04F79EFBC}") = "NetGame Sever", "NetGame Sever.csproj", "{8911B82C-7468-473C-A9C9-4E0C7360072F}"
EndProject
Global
	GlobalSection(SolutionConfigurationPlatforms) = preSolution
		Debug|Any CPU = Debug|Any CPU
		Release|Any CPU = Release|Any CPU
	EndGlobalSection
	GlobalSection(ProjectConfigurationPlatforms) = postSolution
		{8911B82C-7468-473C-A9C9-4E0C7360072F}.Debug|Any CPU.ActiveCfg = Debug|Any CPU
		{8911B82C-7468-473C-A9C9-4E0C7360072F}.Debug|Any CPU.Build.0 = Debug|Any CPU
		{8911B82C-7468-473C-A9C9-4E0C7360072F}.Release|Any CPU.ActiveCfg = Release|Any CPU
		{8911B82C-7468-473C-A9C9-4E0C7360072F}.Release|Any CPU.Build.0 = Release|Any CPU
	EndGlobalSection
	GlobalSection(SolutionProperties) = preSolution
		HideSolutionNode = FALSE
	EndGlobalSection
	GlobalSection(ExtensibilityGlobals) = postSolution
		SolutionGuid = {67172B5A-DD02-424C-927D-8D7B590BB93E}
	EndGlobalSection
EndGlobal
